// !$*UTF8*$!
{
	archiveVersion = 1;
	classes = {
	};
	objectVersion = 46;
	objects = {

/* Begin PBXBuildFile section */
		131F0E6A1B289434004D090E /* PayBindVC.m in Sources */ = {isa = PBXBuildFile; fileRef = 131F0E691B289434004D090E /* PayBindVC.m */; };
		131F0E6D1B2894C7004D090E /* PayWashCarVC.m in Sources */ = {isa = PBXBuildFile; fileRef = 131F0E6C1B2894C7004D090E /* PayWashCarVC.m */; };
		13BCE8BC1B2097A400EC2AFE /* LoginVC.m in Sources */ = {isa = PBXBuildFile; fileRef = 13BCE8BB1B2097A400EC2AFE /* LoginVC.m */; };
		13BCE8BF1B2097C300EC2AFE /* RegistVC.m in Sources */ = {isa = PBXBuildFile; fileRef = 13BCE8BE1B2097C300EC2AFE /* RegistVC.m */; };
		13BCE8C91B20A1A900EC2AFE /* LoginAndRegistVC.m in Sources */ = {isa = PBXBuildFile; fileRef = 13BCE8C81B20A1A900EC2AFE /* LoginAndRegistVC.m */; };
		13C06F951B1B635F003773AB /* main.m in Sources */ = {isa = PBXBuildFile; fileRef = 13C06F941B1B635F003773AB /* main.m */; };
		13C06F981B1B635F003773AB /* AppDelegate.m in Sources */ = {isa = PBXBuildFile; fileRef = 13C06F971B1B635F003773AB /* AppDelegate.m */; };
		13C06F9E1B1B635F003773AB /* Main.storyboard in Resources */ = {isa = PBXBuildFile; fileRef = 13C06F9C1B1B635F003773AB /* Main.storyboard */; };
		13C06FA01B1B635F003773AB /* Images.xcassets in Resources */ = {isa = PBXBuildFile; fileRef = 13C06F9F1B1B635F003773AB /* Images.xcassets */; };
		13C06FA31B1B635F003773AB /* LaunchScreen.xib in Resources */ = {isa = PBXBuildFile; fileRef = 13C06FA11B1B635F003773AB /* LaunchScreen.xib */; };
		13C06FAF1B1B635F003773AB /* testGitDemoTests.m in Sources */ = {isa = PBXBuildFile; fileRef = 13C06FAE1B1B635F003773AB /* testGitDemoTests.m */; };
		13E9EEB81B2414B40037E563 /* black_envelope_reflected.png in Resources */ = {isa = PBXBuildFile; fileRef = 13E9EEB61B2414B40037E563 /* black_envelope_reflected.png */; };
		13E9EEB91B2414B40037E563 /* black_envelope_reflected@2x.png in Resources */ = {isa = PBXBuildFile; fileRef = 13E9EEB71B2414B40037E563 /* black_envelope_reflected@2x.png */; };
		13E9EEBD1B242D3F0037E563 /* QRCodeViewController.m in Sources */ = {isa = PBXBuildFile; fileRef = 13E9EEBB1B242D3F0037E563 /* QRCodeViewController.m */; };
		13E9EEBE1B242D3F0037E563 /* QRCodeViewController.xib in Resources */ = {isa = PBXBuildFile; fileRef = 13E9EEBC1B242D3F0037E563 /* QRCodeViewController.xib */; };
		13E9EEC11B242E5C0037E563 /* washCarQRCode.png in Resources */ = {isa = PBXBuildFile; fileRef = 13E9EEC01B242E5C0037E563 /* washCarQRCode.png */; };
		13E9EEC81B24A9B10037E563 /* BaseMapViewController.m in Sources */ = {isa = PBXBuildFile; fileRef = 13E9EEC71B24A9B10037E563 /* BaseMapViewController.m */; };
		13E9EECB1B24A9FC0037E563 /* CustomAnnotationViewController.m in Sources */ = {isa = PBXBuildFile; fileRef = 13E9EECA1B24A9FC0037E563 /* CustomAnnotationViewController.m */; };
		13E9EECE1B24AA9D0037E563 /* CustomCalloutView.m in Sources */ = {isa = PBXBuildFile; fileRef = 13E9EECD1B24AA9D0037E563 /* CustomCalloutView.m */; };
		13E9EED11B24AAC60037E563 /* CustomAnnotationView.m in Sources */ = {isa = PBXBuildFile; fileRef = 13E9EED01B24AAC60037E563 /* CustomAnnotationView.m */; };
		13E9EED31B25DD320037E563 /* blackAnnotation.png in Resources */ = {isa = PBXBuildFile; fileRef = 13E9EED21B25DD320037E563 /* blackAnnotation.png */; };
		13E9EED51B25DE4A0037E563 /* marker_outside_chartreuse.png in Resources */ = {isa = PBXBuildFile; fileRef = 13E9EED41B25DE4A0037E563 /* marker_outside_chartreuse.png */; };
		39A5259C1B1F5C6600BD773F /* LeafMenuViewController.m in Sources */ = {isa = PBXBuildFile; fileRef = 39A525991B1F5C6600BD773F /* LeafMenuViewController.m */; };
		39A5259D1B1F5C6600BD773F /* WJMenuView.m in Sources */ = {isa = PBXBuildFile; fileRef = 39A5259B1B1F5C6600BD773F /* WJMenuView.m */; };
		39A525A11B1F608F00BD773F /* IndividualVC.m in Sources */ = {isa = PBXBuildFile; fileRef = 39A525A01B1F608E00BD773F /* IndividualVC.m */; };
		39A525A71B1F60F500BD773F /* SaleVC.m in Sources */ = {isa = PBXBuildFile; fileRef = 39A525A61B1F60F500BD773F /* SaleVC.m */; };
		39A525AA1B1F610900BD773F /* ShareVC.m in Sources */ = {isa = PBXBuildFile; fileRef = 39A525A91B1F610900BD773F /* ShareVC.m */; };
		39A525AD1B1F611500BD773F /* HelpVC.m in Sources */ = {isa = PBXBuildFile; fileRef = 39A525AC1B1F611500BD773F /* HelpVC.m */; };
		39DBFE6D1B2759C80006EF79 /* ChoiceQuestionView.m in Sources */ = {isa = PBXBuildFile; fileRef = 39DBFE6C1B2759C80006EF79 /* ChoiceQuestionView.m */; };
		39DDD0A41B2082D600AFB92D /* dog.png in Resources */ = {isa = PBXBuildFile; fileRef = 39DDD0A31B2082D600AFB92D /* dog.png */; };
		39DDD0A61B209C5C00AFB92D /* Balloon@2x.png in Resources */ = {isa = PBXBuildFile; fileRef = 39DDD0A51B209C5C00AFB92D /* Balloon@2x.png */; };
		39DF331D1B28B07900E53264 /* MyPlayerView.m in Sources */ = {isa = PBXBuildFile; fileRef = 39DF331C1B28B07900E53264 /* MyPlayerView.m */; };
		39DF33231B28B0BA00E53264 /* 2011121611432897.png in Resources */ = {isa = PBXBuildFile; fileRef = 39DF331E1B28B0BA00E53264 /* 2011121611432897.png */; };
		39DF33241B28B0BA00E53264 /* moviePause.png in Resources */ = {isa = PBXBuildFile; fileRef = 39DF331F1B28B0BA00E53264 /* moviePause.png */; };
		39DF33251B28B0BA00E53264 /* moviePause@2x.png in Resources */ = {isa = PBXBuildFile; fileRef = 39DF33201B28B0BA00E53264 /* moviePause@2x.png */; };
		39DF33261B28B0BA00E53264 /* moviePlay.png in Resources */ = {isa = PBXBuildFile; fileRef = 39DF33211B28B0BA00E53264 /* moviePlay.png */; };
		39DF33271B28B0BA00E53264 /* moviePlay@2x.png in Resources */ = {isa = PBXBuildFile; fileRef = 39DF33221B28B0BA00E53264 /* moviePlay@2x.png */; };
		39DFB83B1B24143E0069E37C /* VideoPlayerVC.m in Sources */ = {isa = PBXBuildFile; fileRef = 39DFB83A1B24143E0069E37C /* VideoPlayerVC.m */; };
		39DFB83D1B24148D0069E37C /* welcome_video.mp4 in Resources */ = {isa = PBXBuildFile; fileRef = 39DFB83C1B24148D0069E37C /* welcome_video.mp4 */; };
		39E005F51B2C653100999F6C /* alipay_logo.png in Resources */ = {isa = PBXBuildFile; fileRef = 39E005F01B2C653100999F6C /* alipay_logo.png */; };
		39E005F61B2C653100999F6C /* alipay_logo@2x.png in Resources */ = {isa = PBXBuildFile; fileRef = 39E005F11B2C653100999F6C /* alipay_logo@2x.png */; };
		39E005F71B2C653100999F6C /* alipay_logo@3x.png in Resources */ = {isa = PBXBuildFile; fileRef = 39E005F21B2C653100999F6C /* alipay_logo@3x.png */; };
		39E005F81B2C653100999F6C /* alipay_profile_bg.png in Resources */ = {isa = PBXBuildFile; fileRef = 39E005F31B2C653100999F6C /* alipay_profile_bg.png */; };
		39E005F91B2C653100999F6C /* alipay_profile_bg@2x.png in Resources */ = {isa = PBXBuildFile; fileRef = 39E005F41B2C653100999F6C /* alipay_profile_bg@2x.png */; };
		39E005FD1B2C65AE00999F6C /* credit_card_large_union_pay.png in Resources */ = {isa = PBXBuildFile; fileRef = 39E005FA1B2C65AE00999F6C /* credit_card_large_union_pay.png */; };
		39E005FE1B2C65AE00999F6C /* credit_card_large_union_pay@2x.png in Resources */ = {isa = PBXBuildFile; fileRef = 39E005FB1B2C65AE00999F6C /* credit_card_large_union_pay@2x.png */; };
		39E005FF1B2C65AE00999F6C /* credit_card_large_union_pay@3x.png in Resources */ = {isa = PBXBuildFile; fileRef = 39E005FC1B2C65AE00999F6C /* credit_card_large_union_pay@3x.png */; };
		39E006031B2C664B00999F6C /* payment_icon_small_creditcard.png in Resources */ = {isa = PBXBuildFile; fileRef = 39E006001B2C664B00999F6C /* payment_icon_small_creditcard.png */; };
		39E006041B2C664B00999F6C /* payment_icon_small_creditcard@2x.png in Resources */ = {isa = PBXBuildFile; fileRef = 39E006011B2C664B00999F6C /* payment_icon_small_creditcard@2x.png */; };
		39E006051B2C664B00999F6C /* payment_icon_small_creditcard@3x.png in Resources */ = {isa = PBXBuildFile; fileRef = 39E006021B2C664B00999F6C /* payment_icon_small_creditcard@3x.png */; };
		39E006081B2C666D00999F6C /* paypal_profile_bg.png in Resources */ = {isa = PBXBuildFile; fileRef = 39E006061B2C666D00999F6C /* paypal_profile_bg.png */; };
		39E006091B2C666D00999F6C /* paypal_profile_bg@2x.png in Resources */ = {isa = PBXBuildFile; fileRef = 39E006071B2C666D00999F6C /* paypal_profile_bg@2x.png */; };
		39E0060C1B2C751600999F6C /* card_plus.png in Resources */ = {isa = PBXBuildFile; fileRef = 39E0060A1B2C751600999F6C /* card_plus.png */; };
		39E0060D1B2C751600999F6C /* card_plus@2x.png in Resources */ = {isa = PBXBuildFile; fileRef = 39E0060B1B2C751600999F6C /* card_plus@2x.png */; };
		39E006101B2C800300999F6C /* AddCardVC.m in Sources */ = {isa = PBXBuildFile; fileRef = 39E0060F1B2C800300999F6C /* AddCardVC.m */; };
		39E006131B2C839600999F6C /* messages_browser_right_arrow_down.png in Resources */ = {isa = PBXBuildFile; fileRef = 39E006111B2C839600999F6C /* messages_browser_right_arrow_down.png */; };
		39E006141B2C839600999F6C /* messages_browser_right_arrow_down@2x.png in Resources */ = {isa = PBXBuildFile; fileRef = 39E006121B2C839600999F6C /* messages_browser_right_arrow_down@2x.png */; };
		39E006181B2C844700999F6C /* disclosure_arrow.png in Resources */ = {isa = PBXBuildFile; fileRef = 39E006151B2C844700999F6C /* disclosure_arrow.png */; };
		39E006191B2C844700999F6C /* disclosure_arrow@2x.png in Resources */ = {isa = PBXBuildFile; fileRef = 39E006161B2C844700999F6C /* disclosure_arrow@2x.png */; };
		39E0061A1B2C844700999F6C /* disclosure_arrow@3x.png in Resources */ = {isa = PBXBuildFile; fileRef = 39E006171B2C844700999F6C /* disclosure_arrow@3x.png */; };
		39E006231B2C851300999F6C /* AliPayVC.m in Sources */ = {isa = PBXBuildFile; fileRef = 39E006221B2C851300999F6C /* AliPayVC.m */; };
		39E006261B2C853100999F6C /* CreditCardVC.m in Sources */ = {isa = PBXBuildFile; fileRef = 39E006251B2C853100999F6C /* CreditCardVC.m */; };
		39E0062A1B2C90F800999F6C /* Card.m in Sources */ = {isa = PBXBuildFile; fileRef = 39E006291B2C90F800999F6C /* Card.m */; };
		39E0062D1B2C93DD00999F6C /* credit_card_large_alipay.png in Resources */ = {isa = PBXBuildFile; fileRef = 39E0062B1B2C93DD00999F6C /* credit_card_large_alipay.png */; };
		39E0062E1B2C93DD00999F6C /* credit_card_large_alipay@2x.png in Resources */ = {isa = PBXBuildFile; fileRef = 39E0062C1B2C93DD00999F6C /* credit_card_large_alipay@2x.png */; };
		39E006321B2C941000999F6C /* payment_icon_small_alipay.png in Resources */ = {isa = PBXBuildFile; fileRef = 39E0062F1B2C941000999F6C /* payment_icon_small_alipay.png */; };
		39E006331B2C941000999F6C /* payment_icon_small_alipay@2x.png in Resources */ = {isa = PBXBuildFile; fileRef = 39E006301B2C941000999F6C /* payment_icon_small_alipay@2x.png */; };
		39E006341B2C941000999F6C /* payment_icon_small_alipay@3x.png in Resources */ = {isa = PBXBuildFile; fileRef = 39E006311B2C941000999F6C /* payment_icon_small_alipay@3x.png */; };
		39E006371B2C9B4C00999F6C /* User.m in Sources */ = {isa = PBXBuildFile; fileRef = 39E006361B2C9B4C00999F6C /* User.m */; };
		39E88BDC1B1F361100CF1C7E /* MainView.m in Sources */ = {isa = PBXBuildFile; fileRef = 39E88BDB1B1F361100CF1C7E /* MainView.m */; };
		39F4F7541B4EAAA100C38CD7 /* nav_bg.png in Resources */ = {isa = PBXBuildFile; fileRef = 39F4F7531B4EAAA100C38CD7 /* nav_bg.png */; };
		EA877C052DCF53904045FE2A /* libPods.a in Frameworks */ = {isa = PBXBuildFile; fileRef = CA926C48356077FB40A87958 /* libPods.a */; };
/* End PBXBuildFile section */

/* Begin PBXContainerItemProxy section */
		13C06FA91B1B635F003773AB /* PBXContainerItemProxy */ = {
			isa = PBXContainerItemProxy;
			containerPortal = 13C06F871B1B635F003773AB /* Project object */;
			proxyType = 1;
			remoteGlobalIDString = 13C06F8E1B1B635F003773AB;
			remoteInfo = testGitDemo;
		};
/* End PBXContainerItemProxy section */

/* Begin PBXFileReference section */
		131F0E681B289434004D090E /* PayBindVC.h */ = {isa = PBXFileReference; fileEncoding = 4; lastKnownFileType = sourcecode.c.h; path = PayBindVC.h; sourceTree = "<group>"; };
		131F0E691B289434004D090E /* PayBindVC.m */ = {isa = PBXFileReference; fileEncoding = 4; lastKnownFileType = sourcecode.c.objc; path = PayBindVC.m; sourceTree = "<group>"; };
		131F0E6B1B2894C7004D090E /* PayWashCarVC.h */ = {isa = PBXFileReference; fileEncoding = 4; lastKnownFileType = sourcecode.c.h; path = PayWashCarVC.h; sourceTree = "<group>"; };
		131F0E6C1B2894C7004D090E /* PayWashCarVC.m */ = {isa = PBXFileReference; fileEncoding = 4; lastKnownFileType = sourcecode.c.objc; path = PayWashCarVC.m; sourceTree = "<group>"; };
		13BCE8BA1B2097A400EC2AFE /* LoginVC.h */ = {isa = PBXFileReference; fileEncoding = 4; lastKnownFileType = sourcecode.c.h; path = LoginVC.h; sourceTree = "<group>"; };
		13BCE8BB1B2097A400EC2AFE /* LoginVC.m */ = {isa = PBXFileReference; fileEncoding = 4; lastKnownFileType = sourcecode.c.objc; path = LoginVC.m; sourceTree = "<group>"; };
		13BCE8BD1B2097C300EC2AFE /* RegistVC.h */ = {isa = PBXFileReference; fileEncoding = 4; lastKnownFileType = sourcecode.c.h; path = RegistVC.h; sourceTree = "<group>"; };
		13BCE8BE1B2097C300EC2AFE /* RegistVC.m */ = {isa = PBXFileReference; fileEncoding = 4; lastKnownFileType = sourcecode.c.objc; path = RegistVC.m; sourceTree = "<group>"; };
		13BCE8C71B20A1A900EC2AFE /* LoginAndRegistVC.h */ = {isa = PBXFileReference; fileEncoding = 4; lastKnownFileType = sourcecode.c.h; path = LoginAndRegistVC.h; sourceTree = "<group>"; };
		13BCE8C81B20A1A900EC2AFE /* LoginAndRegistVC.m */ = {isa = PBXFileReference; fileEncoding = 4; lastKnownFileType = sourcecode.c.objc; path = LoginAndRegistVC.m; sourceTree = "<group>"; };
		13BCE8CB1B20A3DD00EC2AFE /* Config.h */ = {isa = PBXFileReference; lastKnownFileType = sourcecode.c.h; path = Config.h; sourceTree = "<group>"; };
		13BCE8CC1B20A53D00EC2AFE /* pchFile.pch */ = {isa = PBXFileReference; lastKnownFileType = sourcecode.c.h; path = pchFile.pch; sourceTree = "<group>"; };
		13C06F8F1B1B635F003773AB /* testGitDemo.app */ = {isa = PBXFileReference; explicitFileType = wrapper.application; includeInIndex = 0; path = testGitDemo.app; sourceTree = BUILT_PRODUCTS_DIR; };
		13C06F931B1B635F003773AB /* Info.plist */ = {isa = PBXFileReference; lastKnownFileType = text.plist.xml; path = Info.plist; sourceTree = "<group>"; };
		13C06F941B1B635F003773AB /* main.m */ = {isa = PBXFileReference; lastKnownFileType = sourcecode.c.objc; path = main.m; sourceTree = "<group>"; };
		13C06F961B1B635F003773AB /* AppDelegate.h */ = {isa = PBXFileReference; lastKnownFileType = sourcecode.c.h; path = AppDelegate.h; sourceTree = "<group>"; };
		13C06F971B1B635F003773AB /* AppDelegate.m */ = {isa = PBXFileReference; lastKnownFileType = sourcecode.c.objc; path = AppDelegate.m; sourceTree = "<group>"; };
		13C06F9D1B1B635F003773AB /* Base */ = {isa = PBXFileReference; lastKnownFileType = file.storyboard; name = Base; path = Base.lproj/Main.storyboard; sourceTree = "<group>"; };
		13C06F9F1B1B635F003773AB /* Images.xcassets */ = {isa = PBXFileReference; lastKnownFileType = folder.assetcatalog; path = Images.xcassets; sourceTree = "<group>"; };
		13C06FA21B1B635F003773AB /* Base */ = {isa = PBXFileReference; lastKnownFileType = file.xib; name = Base; path = Base.lproj/LaunchScreen.xib; sourceTree = "<group>"; };
		13C06FA81B1B635F003773AB /* testGitDemoTests.xctest */ = {isa = PBXFileReference; explicitFileType = wrapper.cfbundle; includeInIndex = 0; path = testGitDemoTests.xctest; sourceTree = BUILT_PRODUCTS_DIR; };
		13C06FAD1B1B635F003773AB /* Info.plist */ = {isa = PBXFileReference; lastKnownFileType = text.plist.xml; path = Info.plist; sourceTree = "<group>"; };
		13C06FAE1B1B635F003773AB /* testGitDemoTests.m */ = {isa = PBXFileReference; lastKnownFileType = sourcecode.c.objc; path = testGitDemoTests.m; sourceTree = "<group>"; };
		13E9EEB61B2414B40037E563 /* black_envelope_reflected.png */ = {isa = PBXFileReference; lastKnownFileType = image.png; path = black_envelope_reflected.png; sourceTree = "<group>"; };
		13E9EEB71B2414B40037E563 /* black_envelope_reflected@2x.png */ = {isa = PBXFileReference; lastKnownFileType = image.png; path = "black_envelope_reflected@2x.png"; sourceTree = "<group>"; };
		13E9EEBA1B242D3F0037E563 /* QRCodeViewController.h */ = {isa = PBXFileReference; fileEncoding = 4; lastKnownFileType = sourcecode.c.h; path = QRCodeViewController.h; sourceTree = "<group>"; };
		13E9EEBB1B242D3F0037E563 /* QRCodeViewController.m */ = {isa = PBXFileReference; fileEncoding = 4; lastKnownFileType = sourcecode.c.objc; path = QRCodeViewController.m; sourceTree = "<group>"; };
		13E9EEBC1B242D3F0037E563 /* QRCodeViewController.xib */ = {isa = PBXFileReference; fileEncoding = 4; lastKnownFileType = file.xib; path = QRCodeViewController.xib; sourceTree = "<group>"; };
		13E9EEC01B242E5C0037E563 /* washCarQRCode.png */ = {isa = PBXFileReference; lastKnownFileType = image.png; path = washCarQRCode.png; sourceTree = "<group>"; };
		13E9EEC41B249AE20037E563 /* MAAPIKey.h */ = {isa = PBXFileReference; lastKnownFileType = sourcecode.c.h; path = MAAPIKey.h; sourceTree = "<group>"; };
		13E9EEC61B24A9B10037E563 /* BaseMapViewController.h */ = {isa = PBXFileReference; fileEncoding = 4; lastKnownFileType = sourcecode.c.h; path = BaseMapViewController.h; sourceTree = "<group>"; };
		13E9EEC71B24A9B10037E563 /* BaseMapViewController.m */ = {isa = PBXFileReference; fileEncoding = 4; lastKnownFileType = sourcecode.c.objc; path = BaseMapViewController.m; sourceTree = "<group>"; };
		13E9EEC91B24A9FC0037E563 /* CustomAnnotationViewController.h */ = {isa = PBXFileReference; fileEncoding = 4; lastKnownFileType = sourcecode.c.h; path = CustomAnnotationViewController.h; sourceTree = "<group>"; };
		13E9EECA1B24A9FC0037E563 /* CustomAnnotationViewController.m */ = {isa = PBXFileReference; fileEncoding = 4; lastKnownFileType = sourcecode.c.objc; path = CustomAnnotationViewController.m; sourceTree = "<group>"; };
		13E9EECC1B24AA9D0037E563 /* CustomCalloutView.h */ = {isa = PBXFileReference; fileEncoding = 4; lastKnownFileType = sourcecode.c.h; path = CustomCalloutView.h; sourceTree = "<group>"; };
		13E9EECD1B24AA9D0037E563 /* CustomCalloutView.m */ = {isa = PBXFileReference; fileEncoding = 4; lastKnownFileType = sourcecode.c.objc; path = CustomCalloutView.m; sourceTree = "<group>"; };
		13E9EECF1B24AAC60037E563 /* CustomAnnotationView.h */ = {isa = PBXFileReference; fileEncoding = 4; lastKnownFileType = sourcecode.c.h; path = CustomAnnotationView.h; sourceTree = "<group>"; };
		13E9EED01B24AAC60037E563 /* CustomAnnotationView.m */ = {isa = PBXFileReference; fileEncoding = 4; lastKnownFileType = sourcecode.c.objc; path = CustomAnnotationView.m; sourceTree = "<group>"; };
		13E9EED21B25DD320037E563 /* blackAnnotation.png */ = {isa = PBXFileReference; lastKnownFileType = image.png; path = blackAnnotation.png; sourceTree = "<group>"; };
		13E9EED41B25DE4A0037E563 /* marker_outside_chartreuse.png */ = {isa = PBXFileReference; lastKnownFileType = image.png; path = marker_outside_chartreuse.png; sourceTree = "<group>"; };
		39A525981B1F5C6600BD773F /* LeafMenuViewController.h */ = {isa = PBXFileReference; fileEncoding = 4; lastKnownFileType = sourcecode.c.h; name = LeafMenuViewController.h; path = LeafMenuViewController/LeafMenuViewController.h; sourceTree = "<group>"; };
		39A525991B1F5C6600BD773F /* LeafMenuViewController.m */ = {isa = PBXFileReference; fileEncoding = 4; lastKnownFileType = sourcecode.c.objc; name = LeafMenuViewController.m; path = LeafMenuViewController/LeafMenuViewController.m; sourceTree = "<group>"; };
		39A5259A1B1F5C6600BD773F /* WJMenuView.h */ = {isa = PBXFileReference; fileEncoding = 4; lastKnownFileType = sourcecode.c.h; name = WJMenuView.h; path = LeafMenuViewController/WJMenuView.h; sourceTree = "<group>"; };
		39A5259B1B1F5C6600BD773F /* WJMenuView.m */ = {isa = PBXFileReference; fileEncoding = 4; lastKnownFileType = sourcecode.c.objc; name = WJMenuView.m; path = LeafMenuViewController/WJMenuView.m; sourceTree = "<group>"; };
		39A5259F1B1F608E00BD773F /* IndividualVC.h */ = {isa = PBXFileReference; fileEncoding = 4; lastKnownFileType = sourcecode.c.h; path = IndividualVC.h; sourceTree = "<group>"; };
		39A525A01B1F608E00BD773F /* IndividualVC.m */ = {isa = PBXFileReference; fileEncoding = 4; lastKnownFileType = sourcecode.c.objc; path = IndividualVC.m; sourceTree = "<group>"; };
		39A525A51B1F60F500BD773F /* SaleVC.h */ = {isa = PBXFileReference; fileEncoding = 4; lastKnownFileType = sourcecode.c.h; path = SaleVC.h; sourceTree = "<group>"; };
		39A525A61B1F60F500BD773F /* SaleVC.m */ = {isa = PBXFileReference; fileEncoding = 4; lastKnownFileType = sourcecode.c.objc; path = SaleVC.m; sourceTree = "<group>"; };
		39A525A81B1F610900BD773F /* ShareVC.h */ = {isa = PBXFileReference; fileEncoding = 4; lastKnownFileType = sourcecode.c.h; path = ShareVC.h; sourceTree = "<group>"; };
		39A525A91B1F610900BD773F /* ShareVC.m */ = {isa = PBXFileReference; fileEncoding = 4; lastKnownFileType = sourcecode.c.objc; path = ShareVC.m; sourceTree = "<group>"; };
		39A525AB1B1F611500BD773F /* HelpVC.h */ = {isa = PBXFileReference; fileEncoding = 4; lastKnownFileType = sourcecode.c.h; path = HelpVC.h; sourceTree = "<group>"; };
		39A525AC1B1F611500BD773F /* HelpVC.m */ = {isa = PBXFileReference; fileEncoding = 4; lastKnownFileType = sourcecode.c.objc; path = HelpVC.m; sourceTree = "<group>"; };
		39DBFE6B1B2759C80006EF79 /* ChoiceQuestionView.h */ = {isa = PBXFileReference; fileEncoding = 4; lastKnownFileType = sourcecode.c.h; path = ChoiceQuestionView.h; sourceTree = "<group>"; };
		39DBFE6C1B2759C80006EF79 /* ChoiceQuestionView.m */ = {isa = PBXFileReference; fileEncoding = 4; lastKnownFileType = sourcecode.c.objc; path = ChoiceQuestionView.m; sourceTree = "<group>"; };
		39DDD0A31B2082D600AFB92D /* dog.png */ = {isa = PBXFileReference; lastKnownFileType = image.png; path = dog.png; sourceTree = "<group>"; };
		39DDD0A51B209C5C00AFB92D /* Balloon@2x.png */ = {isa = PBXFileReference; lastKnownFileType = image.png; path = "Balloon@2x.png"; sourceTree = "<group>"; };
		39DF331B1B28B07900E53264 /* MyPlayerView.h */ = {isa = PBXFileReference; fileEncoding = 4; lastKnownFileType = sourcecode.c.h; path = MyPlayerView.h; sourceTree = "<group>"; };
		39DF331C1B28B07900E53264 /* MyPlayerView.m */ = {isa = PBXFileReference; fileEncoding = 4; lastKnownFileType = sourcecode.c.objc; path = MyPlayerView.m; sourceTree = "<group>"; };
		39DF331E1B28B0BA00E53264 /* 2011121611432897.png */ = {isa = PBXFileReference; lastKnownFileType = image.png; path = 2011121611432897.png; sourceTree = "<group>"; };
		39DF331F1B28B0BA00E53264 /* moviePause.png */ = {isa = PBXFileReference; lastKnownFileType = image.png; path = moviePause.png; sourceTree = "<group>"; };
		39DF33201B28B0BA00E53264 /* moviePause@2x.png */ = {isa = PBXFileReference; lastKnownFileType = image.png; path = "moviePause@2x.png"; sourceTree = "<group>"; };
		39DF33211B28B0BA00E53264 /* moviePlay.png */ = {isa = PBXFileReference; lastKnownFileType = image.png; path = moviePlay.png; sourceTree = "<group>"; };
		39DF33221B28B0BA00E53264 /* moviePlay@2x.png */ = {isa = PBXFileReference; lastKnownFileType = image.png; path = "moviePlay@2x.png"; sourceTree = "<group>"; };
		39DFB8391B24143E0069E37C /* VideoPlayerVC.h */ = {isa = PBXFileReference; fileEncoding = 4; lastKnownFileType = sourcecode.c.h; path = VideoPlayerVC.h; sourceTree = "<group>"; };
		39DFB83A1B24143E0069E37C /* VideoPlayerVC.m */ = {isa = PBXFileReference; fileEncoding = 4; lastKnownFileType = sourcecode.c.objc; path = VideoPlayerVC.m; sourceTree = "<group>"; };
		39DFB83C1B24148D0069E37C /* welcome_video.mp4 */ = {isa = PBXFileReference; lastKnownFileType = file; path = welcome_video.mp4; sourceTree = "<group>"; };
		39E005F01B2C653100999F6C /* alipay_logo.png */ = {isa = PBXFileReference; lastKnownFileType = image.png; path = alipay_logo.png; sourceTree = "<group>"; };
		39E005F11B2C653100999F6C /* alipay_logo@2x.png */ = {isa = PBXFileReference; lastKnownFileType = image.png; path = "alipay_logo@2x.png"; sourceTree = "<group>"; };
		39E005F21B2C653100999F6C /* alipay_logo@3x.png */ = {isa = PBXFileReference; lastKnownFileType = image.png; path = "alipay_logo@3x.png"; sourceTree = "<group>"; };
		39E005F31B2C653100999F6C /* alipay_profile_bg.png */ = {isa = PBXFileReference; lastKnownFileType = image.png; path = alipay_profile_bg.png; sourceTree = "<group>"; };
		39E005F41B2C653100999F6C /* alipay_profile_bg@2x.png */ = {isa = PBXFileReference; lastKnownFileType = image.png; path = "alipay_profile_bg@2x.png"; sourceTree = "<group>"; };
		39E005FA1B2C65AE00999F6C /* credit_card_large_union_pay.png */ = {isa = PBXFileReference; lastKnownFileType = image.png; path = credit_card_large_union_pay.png; sourceTree = "<group>"; };
		39E005FB1B2C65AE00999F6C /* credit_card_large_union_pay@2x.png */ = {isa = PBXFileReference; lastKnownFileType = image.png; path = "credit_card_large_union_pay@2x.png"; sourceTree = "<group>"; };
		39E005FC1B2C65AE00999F6C /* credit_card_large_union_pay@3x.png */ = {isa = PBXFileReference; lastKnownFileType = image.png; path = "credit_card_large_union_pay@3x.png"; sourceTree = "<group>"; };
		39E006001B2C664B00999F6C /* payment_icon_small_creditcard.png */ = {isa = PBXFileReference; lastKnownFileType = image.png; path = payment_icon_small_creditcard.png; sourceTree = "<group>"; };
		39E006011B2C664B00999F6C /* payment_icon_small_creditcard@2x.png */ = {isa = PBXFileReference; lastKnownFileType = image.png; path = "payment_icon_small_creditcard@2x.png"; sourceTree = "<group>"; };
		39E006021B2C664B00999F6C /* payment_icon_small_creditcard@3x.png */ = {isa = PBXFileReference; lastKnownFileType = image.png; path = "payment_icon_small_creditcard@3x.png"; sourceTree = "<group>"; };
		39E006061B2C666D00999F6C /* paypal_profile_bg.png */ = {isa = PBXFileReference; lastKnownFileType = image.png; path = paypal_profile_bg.png; sourceTree = "<group>"; };
		39E006071B2C666D00999F6C /* paypal_profile_bg@2x.png */ = {isa = PBXFileReference; lastKnownFileType = image.png; path = "paypal_profile_bg@2x.png"; sourceTree = "<group>"; };
		39E0060A1B2C751600999F6C /* card_plus.png */ = {isa = PBXFileReference; lastKnownFileType = image.png; path = card_plus.png; sourceTree = "<group>"; };
		39E0060B1B2C751600999F6C /* card_plus@2x.png */ = {isa = PBXFileReference; lastKnownFileType = image.png; path = "card_plus@2x.png"; sourceTree = "<group>"; };
		39E0060E1B2C800300999F6C /* AddCardVC.h */ = {isa = PBXFileReference; fileEncoding = 4; lastKnownFileType = sourcecode.c.h; path = AddCardVC.h; sourceTree = "<group>"; };
		39E0060F1B2C800300999F6C /* AddCardVC.m */ = {isa = PBXFileReference; fileEncoding = 4; lastKnownFileType = sourcecode.c.objc; path = AddCardVC.m; sourceTree = "<group>"; };
		39E006111B2C839600999F6C /* messages_browser_right_arrow_down.png */ = {isa = PBXFileReference; lastKnownFileType = image.png; path = messages_browser_right_arrow_down.png; sourceTree = "<group>"; };
		39E006121B2C839600999F6C /* messages_browser_right_arrow_down@2x.png */ = {isa = PBXFileReference; lastKnownFileType = image.png; path = "messages_browser_right_arrow_down@2x.png"; sourceTree = "<group>"; };
		39E006151B2C844700999F6C /* disclosure_arrow.png */ = {isa = PBXFileReference; lastKnownFileType = image.png; path = disclosure_arrow.png; sourceTree = "<group>"; };
		39E006161B2C844700999F6C /* disclosure_arrow@2x.png */ = {isa = PBXFileReference; lastKnownFileType = image.png; path = "disclosure_arrow@2x.png"; sourceTree = "<group>"; };
		39E006171B2C844700999F6C /* disclosure_arrow@3x.png */ = {isa = PBXFileReference; lastKnownFileType = image.png; path = "disclosure_arrow@3x.png"; sourceTree = "<group>"; };
		39E006211B2C851300999F6C /* AliPayVC.h */ = {isa = PBXFileReference; fileEncoding = 4; lastKnownFileType = sourcecode.c.h; path = AliPayVC.h; sourceTree = "<group>"; };
		39E006221B2C851300999F6C /* AliPayVC.m */ = {isa = PBXFileReference; fileEncoding = 4; lastKnownFileType = sourcecode.c.objc; path = AliPayVC.m; sourceTree = "<group>"; };
		39E006241B2C853100999F6C /* CreditCardVC.h */ = {isa = PBXFileReference; fileEncoding = 4; lastKnownFileType = sourcecode.c.h; path = CreditCardVC.h; sourceTree = "<group>"; };
		39E006251B2C853100999F6C /* CreditCardVC.m */ = {isa = PBXFileReference; fileEncoding = 4; lastKnownFileType = sourcecode.c.objc; path = CreditCardVC.m; sourceTree = "<group>"; };
		39E006281B2C90F800999F6C /* Card.h */ = {isa = PBXFileReference; fileEncoding = 4; lastKnownFileType = sourcecode.c.h; path = Card.h; sourceTree = "<group>"; };
		39E006291B2C90F800999F6C /* Card.m */ = {isa = PBXFileReference; fileEncoding = 4; lastKnownFileType = sourcecode.c.objc; path = Card.m; sourceTree = "<group>"; };
		39E0062B1B2C93DD00999F6C /* credit_card_large_alipay.png */ = {isa = PBXFileReference; lastKnownFileType = image.png; path = credit_card_large_alipay.png; sourceTree = "<group>"; };
		39E0062C1B2C93DD00999F6C /* credit_card_large_alipay@2x.png */ = {isa = PBXFileReference; lastKnownFileType = image.png; path = "credit_card_large_alipay@2x.png"; sourceTree = "<group>"; };
		39E0062F1B2C941000999F6C /* payment_icon_small_alipay.png */ = {isa = PBXFileReference; lastKnownFileType = image.png; path = payment_icon_small_alipay.png; sourceTree = "<group>"; };
		39E006301B2C941000999F6C /* payment_icon_small_alipay@2x.png */ = {isa = PBXFileReference; lastKnownFileType = image.png; path = "payment_icon_small_alipay@2x.png"; sourceTree = "<group>"; };
		39E006311B2C941000999F6C /* payment_icon_small_alipay@3x.png */ = {isa = PBXFileReference; lastKnownFileType = image.png; path = "payment_icon_small_alipay@3x.png"; sourceTree = "<group>"; };
		39E006351B2C9B4C00999F6C /* User.h */ = {isa = PBXFileReference; fileEncoding = 4; lastKnownFileType = sourcecode.c.h; path = User.h; sourceTree = "<group>"; };
		39E006361B2C9B4C00999F6C /* User.m */ = {isa = PBXFileReference; fileEncoding = 4; lastKnownFileType = sourcecode.c.objc; path = User.m; sourceTree = "<group>"; };
		39E88BDA1B1F361100CF1C7E /* MainView.h */ = {isa = PBXFileReference; fileEncoding = 4; lastKnownFileType = sourcecode.c.h; path = MainView.h; sourceTree = "<group>"; };
		39E88BDB1B1F361100CF1C7E /* MainView.m */ = {isa = PBXFileReference; fileEncoding = 4; lastKnownFileType = sourcecode.c.objc; path = MainView.m; sourceTree = "<group>"; };
		39F4F7531B4EAAA100C38CD7 /* nav_bg.png */ = {isa = PBXFileReference; lastKnownFileType = image.png; path = nav_bg.png; sourceTree = "<group>"; };
		9EDE449263ABCEB4B0569F39 /* Pods.release.xcconfig */ = {isa = PBXFileReference; includeInIndex = 1; lastKnownFileType = text.xcconfig; name = Pods.release.xcconfig; path = "Pods/Target Support Files/Pods/Pods.release.xcconfig"; sourceTree = "<group>"; };
		CA926C48356077FB40A87958 /* libPods.a */ = {isa = PBXFileReference; explicitFileType = archive.ar; includeInIndex = 0; path = libPods.a; sourceTree = BUILT_PRODUCTS_DIR; };
		D88CD70C2B9F3EA3585395EF /* Pods.debug.xcconfig */ = {isa = PBXFileReference; includeInIndex = 1; lastKnownFileType = text.xcconfig; name = Pods.debug.xcconfig; path = "Pods/Target Support Files/Pods/Pods.debug.xcconfig"; sourceTree = "<group>"; };
/* End PBXFileReference section */

/* Begin PBXFrameworksBuildPhase section */
		13C06F8C1B1B635F003773AB /* Frameworks */ = {
			isa = PBXFrameworksBuildPhase;
			buildActionMask = 2147483647;
			files = (
				EA877C052DCF53904045FE2A /* libPods.a in Frameworks */,
			);
			runOnlyForDeploymentPostprocessing = 0;
		};
		13C06FA51B1B635F003773AB /* Frameworks */ = {
			isa = PBXFrameworksBuildPhase;
			buildActionMask = 2147483647;
			files = (
			);
			runOnlyForDeploymentPostprocessing = 0;
		};
/* End PBXFrameworksBuildPhase section */

/* Begin PBXGroup section */
		0B65F348CC195DA689A6712D /* Pods */ = {
			isa = PBXGroup;
			children = (
				D88CD70C2B9F3EA3585395EF /* Pods.debug.xcconfig */,
				9EDE449263ABCEB4B0569F39 /* Pods.release.xcconfig */,
			);
			name = Pods;
			sourceTree = "<group>";
		};
		131F0E621B28933A004D090E /* PayWashCar */ = {
			isa = PBXGroup;
			children = (
				131F0E6B1B2894C7004D090E /* PayWashCarVC.h */,
				131F0E6C1B2894C7004D090E /* PayWashCarVC.m */,
			);
			name = PayWashCar;
			sourceTree = "<group>";
		};
		131F0E641B289363004D090E /* mainPage */ = {
			isa = PBXGroup;
			children = (
				13E9EEC51B24A9820037E563 /* MapVC */,
				13E9EEBF1B242D460037E563 /* QRCodeVC */,
				131F0E621B28933A004D090E /* PayWashCar */,
			);
			name = mainPage;
			sourceTree = "<group>";
		};
		13BCE8B61B20965400EC2AFE /* thirdPart */ = {
			isa = PBXGroup;
			children = (
				39A525941B1F5C1600BD773F /* LeafMenuViewController */,
			);
			name = thirdPart;
			sourceTree = "<group>";
		};
		13BCE8B71B20967300EC2AFE /* model */ = {
			isa = PBXGroup;
			children = (
				39E006351B2C9B4C00999F6C /* User.h */,
				39E006361B2C9B4C00999F6C /* User.m */,
			);
			name = model;
			sourceTree = "<group>";
		};
		13BCE8B81B20974900EC2AFE /* ViewControl */ = {
			isa = PBXGroup;
			children = (
				131F0E641B289363004D090E /* mainPage */,
				13BCE8B91B20976500EC2AFE /* LoginAndRegist */,
				39A5259E1B1F601300BD773F /* MenuVC */,
				39DFB8381B2413BD0069E37C /* FreeWashVC */,
			);
			name = ViewControl;
			sourceTree = "<group>";
		};
		13BCE8B91B20976500EC2AFE /* LoginAndRegist */ = {
			isa = PBXGroup;
			children = (
				13BCE8C71B20A1A900EC2AFE /* LoginAndRegistVC.h */,
				13BCE8C81B20A1A900EC2AFE /* LoginAndRegistVC.m */,
				13BCE8C11B2097DD00EC2AFE /* loginVC */,
				13BCE8C01B2097CA00EC2AFE /* regisetVC */,
			);
			name = LoginAndRegist;
			sourceTree = "<group>";
		};
		13BCE8C01B2097CA00EC2AFE /* regisetVC */ = {
			isa = PBXGroup;
			children = (
				13BCE8BD1B2097C300EC2AFE /* RegistVC.h */,
				13BCE8BE1B2097C300EC2AFE /* RegistVC.m */,
			);
			name = regisetVC;
			sourceTree = "<group>";
		};
		13BCE8C11B2097DD00EC2AFE /* loginVC */ = {
			isa = PBXGroup;
			children = (
				13BCE8BA1B2097A400EC2AFE /* LoginVC.h */,
				13BCE8BB1B2097A400EC2AFE /* LoginVC.m */,
			);
			name = loginVC;
			sourceTree = "<group>";
		};
		13BCE8C21B20988300EC2AFE /* Individual */ = {
			isa = PBXGroup;
			children = (
				39A5259F1B1F608E00BD773F /* IndividualVC.h */,
				39A525A01B1F608E00BD773F /* IndividualVC.m */,
			);
			name = Individual;
			sourceTree = "<group>";
		};
		13BCE8C31B20988A00EC2AFE /* pay */ = {
			isa = PBXGroup;
			children = (
				131F0E681B289434004D090E /* PayBindVC.h */,
				131F0E691B289434004D090E /* PayBindVC.m */,
				39E0060E1B2C800300999F6C /* AddCardVC.h */,
				39E0060F1B2C800300999F6C /* AddCardVC.m */,
				39E006211B2C851300999F6C /* AliPayVC.h */,
				39E006221B2C851300999F6C /* AliPayVC.m */,
				39E006241B2C853100999F6C /* CreditCardVC.h */,
				39E006251B2C853100999F6C /* CreditCardVC.m */,
				39E006271B2C90DD00999F6C /* model */,
			);
			name = pay;
			sourceTree = "<group>";
		};
		13BCE8C41B20989000EC2AFE /* sale */ = {
			isa = PBXGroup;
			children = (
				39A525A51B1F60F500BD773F /* SaleVC.h */,
				39A525A61B1F60F500BD773F /* SaleVC.m */,
			);
			name = sale;
			sourceTree = "<group>";
		};
		13BCE8C51B20989700EC2AFE /* share */ = {
			isa = PBXGroup;
			children = (
				39A525A81B1F610900BD773F /* ShareVC.h */,
				39A525A91B1F610900BD773F /* ShareVC.m */,
			);
			name = share;
			sourceTree = "<group>";
		};
		13BCE8C61B2098A800EC2AFE /* help */ = {
			isa = PBXGroup;
			children = (
				39A525AB1B1F611500BD773F /* HelpVC.h */,
				39A525AC1B1F611500BD773F /* HelpVC.m */,
			);
			name = help;
			sourceTree = "<group>";
		};
		13BCE8CA1B20A39F00EC2AFE /* config */ = {
			isa = PBXGroup;
			children = (
				13BCE8CB1B20A3DD00EC2AFE /* Config.h */,
				13E9EEC41B249AE20037E563 /* MAAPIKey.h */,
			);
			name = config;
			sourceTree = "<group>";
		};
		13C06F861B1B635F003773AB = {
			isa = PBXGroup;
			children = (
				13C06F911B1B635F003773AB /* testGitDemo */,
				13C06FAB1B1B635F003773AB /* testGitDemoTests */,
				13C06F901B1B635F003773AB /* Products */,
				0B65F348CC195DA689A6712D /* Pods */,
				266482F01D3EAF227CB82803 /* Frameworks */,
			);
			sourceTree = "<group>";
		};
		13C06F901B1B635F003773AB /* Products */ = {
			isa = PBXGroup;
			children = (
				13C06F8F1B1B635F003773AB /* testGitDemo.app */,
				13C06FA81B1B635F003773AB /* testGitDemoTests.xctest */,
			);
			name = Products;
			sourceTree = "<group>";
		};
		13C06F911B1B635F003773AB /* testGitDemo */ = {
			isa = PBXGroup;
			children = (
				13BCE8CA1B20A39F00EC2AFE /* config */,
				13BCE8B71B20967300EC2AFE /* model */,
				85FD80211B4E778B00B0C9E9 /* UI_Image */,
				399161931B1F507900F1751D /* Image */,
				13BCE8B61B20965400EC2AFE /* thirdPart */,
				13BCE8B81B20974900EC2AFE /* ViewControl */,
				13C06F961B1B635F003773AB /* AppDelegate.h */,
				13C06F971B1B635F003773AB /* AppDelegate.m */,
				39E88BDA1B1F361100CF1C7E /* MainView.h */,
				39E88BDB1B1F361100CF1C7E /* MainView.m */,
				13C06F9C1B1B635F003773AB /* Main.storyboard */,
				13C06F9F1B1B635F003773AB /* Images.xcassets */,
				13C06FA11B1B635F003773AB /* LaunchScreen.xib */,
				13C06F921B1B635F003773AB /* Supporting Files */,
			);
			path = testGitDemo;
			sourceTree = "<group>";
		};
		13C06F921B1B635F003773AB /* Supporting Files */ = {
			isa = PBXGroup;
			children = (
				13C06F931B1B635F003773AB /* Info.plist */,
				13C06F941B1B635F003773AB /* main.m */,
				13BCE8CC1B20A53D00EC2AFE /* pchFile.pch */,
			);
			name = "Supporting Files";
			sourceTree = "<group>";
		};
		13C06FAB1B1B635F003773AB /* testGitDemoTests */ = {
			isa = PBXGroup;
			children = (
				13C06FAE1B1B635F003773AB /* testGitDemoTests.m */,
				13C06FAC1B1B635F003773AB /* Supporting Files */,
			);
			path = testGitDemoTests;
			sourceTree = "<group>";
		};
		13C06FAC1B1B635F003773AB /* Supporting Files */ = {
			isa = PBXGroup;
			children = (
				13C06FAD1B1B635F003773AB /* Info.plist */,
			);
			name = "Supporting Files";
			sourceTree = "<group>";
		};
		13E9EEBF1B242D460037E563 /* QRCodeVC */ = {
			isa = PBXGroup;
			children = (
				13E9EEBA1B242D3F0037E563 /* QRCodeViewController.h */,
				13E9EEBB1B242D3F0037E563 /* QRCodeViewController.m */,
				13E9EEBC1B242D3F0037E563 /* QRCodeViewController.xib */,
			);
			name = QRCodeVC;
			sourceTree = "<group>";
		};
		13E9EEC51B24A9820037E563 /* MapVC */ = {
			isa = PBXGroup;
			children = (
				13E9EECF1B24AAC60037E563 /* CustomAnnotationView.h */,
				13E9EED01B24AAC60037E563 /* CustomAnnotationView.m */,
				13E9EECC1B24AA9D0037E563 /* CustomCalloutView.h */,
				13E9EECD1B24AA9D0037E563 /* CustomCalloutView.m */,
				13E9EEC91B24A9FC0037E563 /* CustomAnnotationViewController.h */,
				13E9EECA1B24A9FC0037E563 /* CustomAnnotationViewController.m */,
				13E9EEC61B24A9B10037E563 /* BaseMapViewController.h */,
				13E9EEC71B24A9B10037E563 /* BaseMapViewController.m */,
			);
			name = MapVC;
			sourceTree = "<group>";
		};
		266482F01D3EAF227CB82803 /* Frameworks */ = {
			isa = PBXGroup;
			children = (
				CA926C48356077FB40A87958 /* libPods.a */,
			);
			name = Frameworks;
			sourceTree = "<group>";
		};
		399161931B1F507900F1751D /* Image */ = {
			isa = PBXGroup;
			children = (
				39E0062F1B2C941000999F6C /* payment_icon_small_alipay.png */,
				39E006301B2C941000999F6C /* payment_icon_small_alipay@2x.png */,
				39E006311B2C941000999F6C /* payment_icon_small_alipay@3x.png */,
				39E0062B1B2C93DD00999F6C /* credit_card_large_alipay.png */,
				39E0062C1B2C93DD00999F6C /* credit_card_large_alipay@2x.png */,
				39E006151B2C844700999F6C /* disclosure_arrow.png */,
				39E006161B2C844700999F6C /* disclosure_arrow@2x.png */,
				39E006171B2C844700999F6C /* disclosure_arrow@3x.png */,
				39E006111B2C839600999F6C /* messages_browser_right_arrow_down.png */,
				39E006121B2C839600999F6C /* messages_browser_right_arrow_down@2x.png */,
				39E0060A1B2C751600999F6C /* card_plus.png */,
				39E0060B1B2C751600999F6C /* card_plus@2x.png */,
				39E006061B2C666D00999F6C /* paypal_profile_bg.png */,
				39E006071B2C666D00999F6C /* paypal_profile_bg@2x.png */,
				39E006001B2C664B00999F6C /* payment_icon_small_creditcard.png */,
				39E006011B2C664B00999F6C /* payment_icon_small_creditcard@2x.png */,
				39E006021B2C664B00999F6C /* payment_icon_small_creditcard@3x.png */,
				39E005FA1B2C65AE00999F6C /* credit_card_large_union_pay.png */,
				39E005FB1B2C65AE00999F6C /* credit_card_large_union_pay@2x.png */,
				39E005FC1B2C65AE00999F6C /* credit_card_large_union_pay@3x.png */,
				39E005F01B2C653100999F6C /* alipay_logo.png */,
				39E005F11B2C653100999F6C /* alipay_logo@2x.png */,
				39E005F21B2C653100999F6C /* alipay_logo@3x.png */,
				39E005F31B2C653100999F6C /* alipay_profile_bg.png */,
				39E005F41B2C653100999F6C /* alipay_profile_bg@2x.png */,
				39DF331E1B28B0BA00E53264 /* 2011121611432897.png */,
				39DF331F1B28B0BA00E53264 /* moviePause.png */,
				39DF33201B28B0BA00E53264 /* moviePause@2x.png */,
				39DF33211B28B0BA00E53264 /* moviePlay.png */,
				39DF33221B28B0BA00E53264 /* moviePlay@2x.png */,
				13E9EED41B25DE4A0037E563 /* marker_outside_chartreuse.png */,
				13E9EED21B25DD320037E563 /* blackAnnotation.png */,
				13E9EEC01B242E5C0037E563 /* washCarQRCode.png */,
				39DFB83C1B24148D0069E37C /* welcome_video.mp4 */,
				39DDD0A51B209C5C00AFB92D /* Balloon@2x.png */,
				39DDD0A31B2082D600AFB92D /* dog.png */,
				13E9EEB61B2414B40037E563 /* black_envelope_reflected.png */,
				13E9EEB71B2414B40037E563 /* black_envelope_reflected@2x.png */,
			);
			name = Image;
			sourceTree = "<group>";
		};
		39A525941B1F5C1600BD773F /* LeafMenuViewController */ = {
			isa = PBXGroup;
			children = (
				39A525981B1F5C6600BD773F /* LeafMenuViewController.h */,
				39A525991B1F5C6600BD773F /* LeafMenuViewController.m */,
				39A5259A1B1F5C6600BD773F /* WJMenuView.h */,
				39A5259B1B1F5C6600BD773F /* WJMenuView.m */,
			);
			name = LeafMenuViewController;
			sourceTree = "<group>";
		};
		39A5259E1B1F601300BD773F /* MenuVC */ = {
			isa = PBXGroup;
			children = (
				13BCE8C21B20988300EC2AFE /* Individual */,
				13BCE8C31B20988A00EC2AFE /* pay */,
				13BCE8C41B20989000EC2AFE /* sale */,
				13BCE8C51B20989700EC2AFE /* share */,
				13BCE8C61B2098A800EC2AFE /* help */,
			);
			name = MenuVC;
			sourceTree = "<group>";
		};
		39DE1C701B25D64800862B8A /* View */ = {
			isa = PBXGroup;
			children = (
				39DF331B1B28B07900E53264 /* MyPlayerView.h */,
				39DF331C1B28B07900E53264 /* MyPlayerView.m */,
				39DBFE6B1B2759C80006EF79 /* ChoiceQuestionView.h */,
				39DBFE6C1B2759C80006EF79 /* ChoiceQuestionView.m */,
			);
			name = View;
			sourceTree = "<group>";
		};
		39DFB8381B2413BD0069E37C /* FreeWashVC */ = {
			isa = PBXGroup;
			children = (
				39DFB8391B24143E0069E37C /* VideoPlayerVC.h */,
				39DFB83A1B24143E0069E37C /* VideoPlayerVC.m */,
				39DE1C701B25D64800862B8A /* View */,
			);
			name = FreeWashVC;
			sourceTree = "<group>";
		};
		39E006271B2C90DD00999F6C /* model */ = {
			isa = PBXGroup;
			children = (
				39E006281B2C90F800999F6C /* Card.h */,
				39E006291B2C90F800999F6C /* Card.m */,
			);
			name = model;
			sourceTree = "<group>";
		};
		85FD80211B4E778B00B0C9E9 /* UI_Image */ = {
			isa = PBXGroup;
			children = (
				39F4F7531B4EAAA100C38CD7 /* nav_bg.png */,
			);
			name = UI_Image;
			sourceTree = "<group>";
		};
/* End PBXGroup section */

/* Begin PBXNativeTarget section */
		13C06F8E1B1B635F003773AB /* testGitDemo */ = {
			isa = PBXNativeTarget;
			buildConfigurationList = 13C06FB21B1B635F003773AB /* Build configuration list for PBXNativeTarget "testGitDemo" */;
			buildPhases = (
				6B0C52325840C66E964131E1 /* Check Pods Manifest.lock */,
				13C06F8B1B1B635F003773AB /* Sources */,
				13C06F8C1B1B635F003773AB /* Frameworks */,
				13C06F8D1B1B635F003773AB /* Resources */,
				D4E231CAA12E110E8CD2FF44 /* Copy Pods Resources */,
			);
			buildRules = (
			);
			dependencies = (
			);
			name = testGitDemo;
			productName = testGitDemo;
			productReference = 13C06F8F1B1B635F003773AB /* testGitDemo.app */;
			productType = "com.apple.product-type.application";
		};
		13C06FA71B1B635F003773AB /* testGitDemoTests */ = {
			isa = PBXNativeTarget;
			buildConfigurationList = 13C06FB51B1B635F003773AB /* Build configuration list for PBXNativeTarget "testGitDemoTests" */;
			buildPhases = (
				13C06FA41B1B635F003773AB /* Sources */,
				13C06FA51B1B635F003773AB /* Frameworks */,
				13C06FA61B1B635F003773AB /* Resources */,
			);
			buildRules = (
			);
			dependencies = (
				13C06FAA1B1B635F003773AB /* PBXTargetDependency */,
			);
			name = testGitDemoTests;
			productName = testGitDemoTests;
			productReference = 13C06FA81B1B635F003773AB /* testGitDemoTests.xctest */;
			productType = "com.apple.product-type.bundle.unit-test";
		};
/* End PBXNativeTarget section */

/* Begin PBXProject section */
		13C06F871B1B635F003773AB /* Project object */ = {
			isa = PBXProject;
			attributes = {
				LastUpgradeCheck = 0630;
				ORGANIZATIONNAME = fisland;
				TargetAttributes = {
					13C06F8E1B1B635F003773AB = {
						CreatedOnToolsVersion = 6.3.2;
					};
					13C06FA71B1B635F003773AB = {
						CreatedOnToolsVersion = 6.3.2;
						TestTargetID = 13C06F8E1B1B635F003773AB;
					};
				};
			};
			buildConfigurationList = 13C06F8A1B1B635F003773AB /* Build configuration list for PBXProject "testGitDemo" */;
			compatibilityVersion = "Xcode 3.2";
			developmentRegion = English;
			hasScannedForEncodings = 0;
			knownRegions = (
				en,
				Base,
			);
			mainGroup = 13C06F861B1B635F003773AB;
			productRefGroup = 13C06F901B1B635F003773AB /* Products */;
			projectDirPath = "";
			projectRoot = "";
			targets = (
				13C06F8E1B1B635F003773AB /* testGitDemo */,
				13C06FA71B1B635F003773AB /* testGitDemoTests */,
			);
		};
/* End PBXProject section */

/* Begin PBXResourcesBuildPhase section */
		13C06F8D1B1B635F003773AB /* Resources */ = {
			isa = PBXResourcesBuildPhase;
			buildActionMask = 2147483647;
			files = (
				39E006331B2C941000999F6C /* payment_icon_small_alipay@2x.png in Resources */,
				39E005F71B2C653100999F6C /* alipay_logo@3x.png in Resources */,
				13E9EED31B25DD320037E563 /* blackAnnotation.png in Resources */,
				39F4F7541B4EAAA100C38CD7 /* nav_bg.png in Resources */,
				13E9EEBE1B242D3F0037E563 /* QRCodeViewController.xib in Resources */,
				39DF33251B28B0BA00E53264 /* moviePause@2x.png in Resources */,
				39E006041B2C664B00999F6C /* payment_icon_small_creditcard@2x.png in Resources */,
				39DFB83D1B24148D0069E37C /* welcome_video.mp4 in Resources */,
				39DF33271B28B0BA00E53264 /* moviePlay@2x.png in Resources */,
				39E005FE1B2C65AE00999F6C /* credit_card_large_union_pay@2x.png in Resources */,
				39DF33231B28B0BA00E53264 /* 2011121611432897.png in Resources */,
				39E005F91B2C653100999F6C /* alipay_profile_bg@2x.png in Resources */,
				39E006141B2C839600999F6C /* messages_browser_right_arrow_down@2x.png in Resources */,
				39E006191B2C844700999F6C /* disclosure_arrow@2x.png in Resources */,
				39E0060D1B2C751600999F6C /* card_plus@2x.png in Resources */,
				39E006321B2C941000999F6C /* payment_icon_small_alipay.png in Resources */,
				39DDD0A41B2082D600AFB92D /* dog.png in Resources */,
				39DF33261B28B0BA00E53264 /* moviePlay.png in Resources */,
				13E9EEB91B2414B40037E563 /* black_envelope_reflected@2x.png in Resources */,
				39E0062E1B2C93DD00999F6C /* credit_card_large_alipay@2x.png in Resources */,
				13C06F9E1B1B635F003773AB /* Main.storyboard in Resources */,
				39E0060C1B2C751600999F6C /* card_plus.png in Resources */,
				39DDD0A61B209C5C00AFB92D /* Balloon@2x.png in Resources */,
				39E005FF1B2C65AE00999F6C /* credit_card_large_union_pay@3x.png in Resources */,
				13C06FA31B1B635F003773AB /* LaunchScreen.xib in Resources */,
				39E006081B2C666D00999F6C /* paypal_profile_bg.png in Resources */,
				39E006031B2C664B00999F6C /* payment_icon_small_creditcard.png in Resources */,
				39E0061A1B2C844700999F6C /* disclosure_arrow@3x.png in Resources */,
				13E9EEC11B242E5C0037E563 /* washCarQRCode.png in Resources */,
				39E005FD1B2C65AE00999F6C /* credit_card_large_union_pay.png in Resources */,
				39E006131B2C839600999F6C /* messages_browser_right_arrow_down.png in Resources */,
				39E006181B2C844700999F6C /* disclosure_arrow.png in Resources */,
				39E006051B2C664B00999F6C /* payment_icon_small_creditcard@3x.png in Resources */,
				13E9EEB81B2414B40037E563 /* black_envelope_reflected.png in Resources */,
				39E0062D1B2C93DD00999F6C /* credit_card_large_alipay.png in Resources */,
				39E006341B2C941000999F6C /* payment_icon_small_alipay@3x.png in Resources */,
				39E005F61B2C653100999F6C /* alipay_logo@2x.png in Resources */,
				39E005F51B2C653100999F6C /* alipay_logo.png in Resources */,
				39E005F81B2C653100999F6C /* alipay_profile_bg.png in Resources */,
				39E006091B2C666D00999F6C /* paypal_profile_bg@2x.png in Resources */,
				39DF33241B28B0BA00E53264 /* moviePause.png in Resources */,
				13C06FA01B1B635F003773AB /* Images.xcassets in Resources */,
				13E9EED51B25DE4A0037E563 /* marker_outside_chartreuse.png in Resources */,
			);
			runOnlyForDeploymentPostprocessing = 0;
		};
		13C06FA61B1B635F003773AB /* Resources */ = {
			isa = PBXResourcesBuildPhase;
			buildActionMask = 2147483647;
			files = (
			);
			runOnlyForDeploymentPostprocessing = 0;
		};
/* End PBXResourcesBuildPhase section */

/* Begin PBXShellScriptBuildPhase section */
		6B0C52325840C66E964131E1 /* Check Pods Manifest.lock */ = {
			isa = PBXShellScriptBuildPhase;
			buildActionMask = 2147483647;
			files = (
			);
			inputPaths = (
			);
			name = "Check Pods Manifest.lock";
			outputPaths = (
			);
			runOnlyForDeploymentPostprocessing = 0;
			shellPath = /bin/sh;
			shellScript = "diff \"${PODS_ROOT}/../Podfile.lock\" \"${PODS_ROOT}/Manifest.lock\" > /dev/null\nif [[ $? != 0 ]] ; then\n    cat << EOM\nerror: The sandbox is not in sync with the Podfile.lock. Run 'pod install' or update your CocoaPods installation.\nEOM\n    exit 1\nfi\n";
			showEnvVarsInLog = 0;
		};
		D4E231CAA12E110E8CD2FF44 /* Copy Pods Resources */ = {
			isa = PBXShellScriptBuildPhase;
			buildActionMask = 2147483647;
			files = (
			);
			inputPaths = (
			);
			name = "Copy Pods Resources";
			outputPaths = (
			);
			runOnlyForDeploymentPostprocessing = 0;
			shellPath = /bin/sh;
			shellScript = "\"${SRCROOT}/Pods/Target Support Files/Pods/Pods-resources.sh\"\n";
			showEnvVarsInLog = 0;
		};
/* End PBXShellScriptBuildPhase section */

/* Begin PBXSourcesBuildPhase section */
		13C06F8B1B1B635F003773AB /* Sources */ = {
			isa = PBXSourcesBuildPhase;
			buildActionMask = 2147483647;
			files = (
				39E006101B2C800300999F6C /* AddCardVC.m in Sources */,
				39E006261B2C853100999F6C /* CreditCardVC.m in Sources */,
				39E006371B2C9B4C00999F6C /* User.m in Sources */,
				39A5259D1B1F5C6600BD773F /* WJMenuView.m in Sources */,
				39A525AD1B1F611500BD773F /* HelpVC.m in Sources */,
				39E88BDC1B1F361100CF1C7E /* MainView.m in Sources */,
				13E9EECB1B24A9FC0037E563 /* CustomAnnotationViewController.m in Sources */,
				39DFB83B1B24143E0069E37C /* VideoPlayerVC.m in Sources */,
				39A525A71B1F60F500BD773F /* SaleVC.m in Sources */,
				13E9EEBD1B242D3F0037E563 /* QRCodeViewController.m in Sources */,
				39DF331D1B28B07900E53264 /* MyPlayerView.m in Sources */,
				13BCE8BF1B2097C300EC2AFE /* RegistVC.m in Sources */,
				13BCE8C91B20A1A900EC2AFE /* LoginAndRegistVC.m in Sources */,
				13C06F981B1B635F003773AB /* AppDelegate.m in Sources */,
				39E0062A1B2C90F800999F6C /* Card.m in Sources */,
				39A525A11B1F608F00BD773F /* IndividualVC.m in Sources */,
				13E9EEC81B24A9B10037E563 /* BaseMapViewController.m in Sources */,
				13E9EECE1B24AA9D0037E563 /* CustomCalloutView.m in Sources */,
				131F0E6A1B289434004D090E /* PayBindVC.m in Sources */,
				39DBFE6D1B2759C80006EF79 /* ChoiceQuestionView.m in Sources */,
				13BCE8BC1B2097A400EC2AFE /* LoginVC.m in Sources */,
				13C06F951B1B635F003773AB /* main.m in Sources */,
				39A525AA1B1F610900BD773F /* ShareVC.m in Sources */,
				39A5259C1B1F5C6600BD773F /* LeafMenuViewController.m in Sources */,
				131F0E6D1B2894C7004D090E /* PayWashCarVC.m in Sources */,
				39E006231B2C851300999F6C /* AliPayVC.m in Sources */,
				13E9EED11B24AAC60037E563 /* CustomAnnotationView.m in Sources */,
			);
			runOnlyForDeploymentPostprocessing = 0;
		};
		13C06FA41B1B635F003773AB /* Sources */ = {
			isa = PBXSourcesBuildPhase;
			buildActionMask = 2147483647;
			files = (
				13C06FAF1B1B635F003773AB /* testGitDemoTests.m in Sources */,
			);
			runOnlyForDeploymentPostprocessing = 0;
		};
/* End PBXSourcesBuildPhase section */

/* Begin PBXTargetDependency section */
		13C06FAA1B1B635F003773AB /* PBXTargetDependency */ = {
			isa = PBXTargetDependency;
			target = 13C06F8E1B1B635F003773AB /* testGitDemo */;
			targetProxy = 13C06FA91B1B635F003773AB /* PBXContainerItemProxy */;
		};
/* End PBXTargetDependency section */

/* Begin PBXVariantGroup section */
		13C06F9C1B1B635F003773AB /* Main.storyboard */ = {
			isa = PBXVariantGroup;
			children = (
				13C06F9D1B1B635F003773AB /* Base */,
			);
			name = Main.storyboard;
			sourceTree = "<group>";
		};
		13C06FA11B1B635F003773AB /* LaunchScreen.xib */ = {
			isa = PBXVariantGroup;
			children = (
				13C06FA21B1B635F003773AB /* Base */,
			);
			name = LaunchScreen.xib;
			sourceTree = "<group>";
		};
/* End PBXVariantGroup section */

/* Begin XCBuildConfiguration section */
		13C06FB01B1B635F003773AB /* Debug */ = {
			isa = XCBuildConfiguration;
			buildSettings = {
				ALWAYS_SEARCH_USER_PATHS = NO;
				CLANG_CXX_LANGUAGE_STANDARD = "gnu++0x";
				CLANG_CXX_LIBRARY = "libc++";
				CLANG_ENABLE_MODULES = YES;
				CLANG_ENABLE_OBJC_ARC = YES;
				CLANG_WARN_BOOL_CONVERSION = YES;
				CLANG_WARN_CONSTANT_CONVERSION = YES;
				CLANG_WARN_DIRECT_OBJC_ISA_USAGE = YES_ERROR;
				CLANG_WARN_EMPTY_BODY = YES;
				CLANG_WARN_ENUM_CONVERSION = YES;
				CLANG_WARN_INT_CONVERSION = YES;
				CLANG_WARN_OBJC_ROOT_CLASS = YES_ERROR;
				CLANG_WARN_UNREACHABLE_CODE = YES;
				CLANG_WARN__DUPLICATE_METHOD_MATCH = YES;
				"CODE_SIGN_IDENTITY[sdk=iphoneos*]" = "iPhone Developer";
				COPY_PHASE_STRIP = NO;
				DEBUG_INFORMATION_FORMAT = "dwarf-with-dsym";
				ENABLE_STRICT_OBJC_MSGSEND = YES;
				GCC_C_LANGUAGE_STANDARD = gnu99;
				GCC_DYNAMIC_NO_PIC = NO;
				GCC_NO_COMMON_BLOCKS = YES;
				GCC_OPTIMIZATION_LEVEL = 0;
				GCC_PREPROCESSOR_DEFINITIONS = (
					"DEBUG=1",
					"$(inherited)",
				);
				GCC_SYMBOLS_PRIVATE_EXTERN = NO;
				GCC_WARN_64_TO_32_BIT_CONVERSION = YES;
				GCC_WARN_ABOUT_RETURN_TYPE = YES_ERROR;
				GCC_WARN_UNDECLARED_SELECTOR = YES;
				GCC_WARN_UNINITIALIZED_AUTOS = YES_AGGRESSIVE;
				GCC_WARN_UNUSED_FUNCTION = YES;
				GCC_WARN_UNUSED_VARIABLE = YES;
				IPHONEOS_DEPLOYMENT_TARGET = 8.3;
				MTL_ENABLE_DEBUG_INFO = YES;
				ONLY_ACTIVE_ARCH = YES;
				SDKROOT = iphoneos;
				TARGETED_DEVICE_FAMILY = "1,2";
			};
			name = Debug;
		};
		13C06FB11B1B635F003773AB /* Release */ = {
			isa = XCBuildConfiguration;
			buildSettings = {
				ALWAYS_SEARCH_USER_PATHS = NO;
				CLANG_CXX_LANGUAGE_STANDARD = "gnu++0x";
				CLANG_CXX_LIBRARY = "libc++";
				CLANG_ENABLE_MODULES = YES;
				CLANG_ENABLE_OBJC_ARC = YES;
				CLANG_WARN_BOOL_CONVERSION = YES;
				CLANG_WARN_CONSTANT_CONVERSION = YES;
				CLANG_WARN_DIRECT_OBJC_ISA_USAGE = YES_ERROR;
				CLANG_WARN_EMPTY_BODY = YES;
				CLANG_WARN_ENUM_CONVERSION = YES;
				CLANG_WARN_INT_CONVERSION = YES;
				CLANG_WARN_OBJC_ROOT_CLASS = YES_ERROR;
				CLANG_WARN_UNREACHABLE_CODE = YES;
				CLANG_WARN__DUPLICATE_METHOD_MATCH = YES;
				"CODE_SIGN_IDENTITY[sdk=iphoneos*]" = "iPhone Developer";
				COPY_PHASE_STRIP = NO;
				DEBUG_INFORMATION_FORMAT = "dwarf-with-dsym";
				ENABLE_NS_ASSERTIONS = NO;
				ENABLE_STRICT_OBJC_MSGSEND = YES;
				GCC_C_LANGUAGE_STANDARD = gnu99;
				GCC_NO_COMMON_BLOCKS = YES;
				GCC_WARN_64_TO_32_BIT_CONVERSION = YES;
				GCC_WARN_ABOUT_RETURN_TYPE = YES_ERROR;
				GCC_WARN_UNDECLARED_SELECTOR = YES;
				GCC_WARN_UNINITIALIZED_AUTOS = YES_AGGRESSIVE;
				GCC_WARN_UNUSED_FUNCTION = YES;
				GCC_WARN_UNUSED_VARIABLE = YES;
				IPHONEOS_DEPLOYMENT_TARGET = 8.3;
				MTL_ENABLE_DEBUG_INFO = NO;
				SDKROOT = iphoneos;
				TARGETED_DEVICE_FAMILY = "1,2";
				VALIDATE_PRODUCT = YES;
			};
			name = Release;
		};
		13C06FB31B1B635F003773AB /* Debug */ = {
			isa = XCBuildConfiguration;
			baseConfigurationReference = D88CD70C2B9F3EA3585395EF /* Pods.debug.xcconfig */;
			buildSettings = {
				ASSETCATALOG_COMPILER_APPICON_NAME = AppIcon;
				GCC_PRECOMPILE_PREFIX_HEADER = YES;
				GCC_PREFIX_HEADER = "$(SRCROOT)/testGitDemo/pchFile.pch";
				INFOPLIST_FILE = testGitDemo/Info.plist;
				LD_RUNPATH_SEARCH_PATHS = "$(inherited) @executable_path/Frameworks";
				PRODUCT_NAME = "$(TARGET_NAME)";
			};
			name = Debug;
		};
		13C06FB41B1B635F003773AB /* Release */ = {
			isa = XCBuildConfiguration;
			baseConfigurationReference = 9EDE449263ABCEB4B0569F39 /* Pods.release.xcconfig */;
			buildSettings = {
				ASSETCATALOG_COMPILER_APPICON_NAME = AppIcon;
				GCC_PRECOMPILE_PREFIX_HEADER = YES;
				GCC_PREFIX_HEADER = "$(SRCROOT)/testGitDemo/pchFile.pch";
				INFOPLIST_FILE = testGitDemo/Info.plist;
				LD_RUNPATH_SEARCH_PATHS = "$(inherited) @executable_path/Frameworks";
				PRODUCT_NAME = "$(TARGET_NAME)";
			};
			name = Release;
		};
		13C06FB61B1B635F003773AB /* Debug */ = {
			isa = XCBuildConfiguration;
			buildSettings = {
				BUNDLE_LOADER = "$(TEST_HOST)";
				FRAMEWORK_SEARCH_PATHS = (
					"$(SDKROOT)/Developer/Library/Frameworks",
					"$(inherited)",
				);
				GCC_PREPROCESSOR_DEFINITIONS = (
					"DEBUG=1",
					"$(inherited)",
				);
				INFOPLIST_FILE = testGitDemoTests/Info.plist;
				LD_RUNPATH_SEARCH_PATHS = "$(inherited) @executable_path/Frameworks @loader_path/Frameworks";
				PRODUCT_NAME = "$(TARGET_NAME)";
				TEST_HOST = "$(BUILT_PRODUCTS_DIR)/testGitDemo.app/testGitDemo";
			};
			name = Debug;
		};
		13C06FB71B1B635F003773AB /* Release */ = {
			isa = XCBuildConfiguration;
			buildSettings = {
				BUNDLE_LOADER = "$(TEST_HOST)";
				FRAMEWORK_SEARCH_PATHS = (
					"$(SDKROOT)/Developer/Library/Frameworks",
					"$(inherited)",
				);
				INFOPLIST_FILE = testGitDemoTests/Info.plist;
				LD_RUNPATH_SEARCH_PATHS = "$(inherited) @executable_path/Frameworks @loader_path/Frameworks";
				PRODUCT_NAME = "$(TARGET_NAME)";
				TEST_HOST = "$(BUILT_PRODUCTS_DIR)/testGitDemo.app/testGitDemo";
			};
			name = Release;
		};
/* End XCBuildConfiguration section */

/* Begin XCConfigurationList section */
		13C06F8A1B1B635F003773AB /* Build configuration list for PBXProject "testGitDemo" */ = {
			isa = XCConfigurationList;
			buildConfigurations = (
				13C06FB01B1B635F003773AB /* Debug */,
				13C06FB11B1B635F003773AB /* Release */,
			);
			defaultConfigurationIsVisible = 0;
			defaultConfigurationName = Release;
		};
		13C06FB21B1B635F003773AB /* Build configuration list for PBXNativeTarget "testGitDemo" */ = {
			isa = XCConfigurationList;
			buildConfigurations = (
				13C06FB31B1B635F003773AB /* Debug */,
				13C06FB41B1B635F003773AB /* Release */,
			);
			defaultConfigurationIsVisible = 0;
			defaultConfigurationName = Release;
		};
		13C06FB51B1B635F003773AB /* Build configuration list for PBXNativeTarget "testGitDemoTests" */ = {
			isa = XCConfigurationList;
			buildConfigurations = (
				13C06FB61B1B635F003773AB /* Debug */,
				13C06FB71B1B635F003773AB /* Release */,
			);
			defaultConfigurationIsVisible = 0;
			defaultConfigurationName = Release;
		};
/* End XCConfigurationList section */
	};
	rootObject = 13C06F871B1B635F003773AB /* Project object */;
}
